// !$*UTF8*$!
{
	archiveVersion = 1;
	classes = {
	};
	objectVersion = 50;
	objects = {

/* Begin PBXBuildFile section */
		873BDC0622199101008E8E01 /* AppDelegate.swift in Sources */ = {isa = PBXBuildFile; fileRef = 873BDC0522199101008E8E01 /* AppDelegate.swift */; };
		873BDC0822199101008E8E01 /* ViewController.swift in Sources */ = {isa = PBXBuildFile; fileRef = 873BDC0722199101008E8E01 /* ViewController.swift */; };
		873BDC0B22199101008E8E01 /* Main.storyboard in Resources */ = {isa = PBXBuildFile; fileRef = 873BDC0922199101008E8E01 /* Main.storyboard */; };
		873BDC0D22199102008E8E01 /* Assets.xcassets in Resources */ = {isa = PBXBuildFile; fileRef = 873BDC0C22199102008E8E01 /* Assets.xcassets */; };
		873BDC1022199102008E8E01 /* LaunchScreen.storyboard in Resources */ = {isa = PBXBuildFile; fileRef = 873BDC0E22199102008E8E01 /* LaunchScreen.storyboard */; };
		873BDC1B22199102008E8E01 /* DemoAllTests.swift in Sources */ = {isa = PBXBuildFile; fileRef = 873BDC1A22199102008E8E01 /* DemoAllTests.swift */; };
		873BDC2622199102008E8E01 /* DemoAllUITests.swift in Sources */ = {isa = PBXBuildFile; fileRef = 873BDC2522199102008E8E01 /* DemoAllUITests.swift */; };
/* End PBXBuildFile section */

/* Begin PBXContainerItemProxy section */
		873BDC1722199102008E8E01 /* PBXContainerItemProxy */ = {
			isa = PBXContainerItemProxy;
			containerPortal = 873BDBFA22199101008E8E01 /* Project object */;
			proxyType = 1;
			remoteGlobalIDString = 873BDC0122199101008E8E01;
			remoteInfo = DemoAll;
		};
		873BDC2222199102008E8E01 /* PBXContainerItemProxy */ = {
			isa = PBXContainerItemProxy;
			containerPortal = 873BDBFA22199101008E8E01 /* Project object */;
			proxyType = 1;
			remoteGlobalIDString = 873BDC0122199101008E8E01;
			remoteInfo = DemoAll;
		};
/* End PBXContainerItemProxy section */

/* Begin PBXFileReference section */
		873BDC0222199101008E8E01 /* DemoAll.app */ = {isa = PBXFileReference; explicitFileType = wrapper.application; includeInIndex = 0; path = DemoAll.app; sourceTree = BUILT_PRODUCTS_DIR; };
		873BDC0522199101008E8E01 /* AppDelegate.swift */ = {isa = PBXFileReference; lastKnownFileType = sourcecode.swift; path = AppDelegate.swift; sourceTree = "<group>"; };
		873BDC0722199101008E8E01 /* ViewController.swift */ = {isa = PBXFileReference; lastKnownFileType = sourcecode.swift; path = ViewController.swift; sourceTree = "<group>"; };
		873BDC0A22199101008E8E01 /* Base */ = {isa = PBXFileReference; lastKnownFileType = file.storyboard; name = Base; path = Base.lproj/Main.storyboard; sourceTree = "<group>"; };
		873BDC0C22199102008E8E01 /* Assets.xcassets */ = {isa = PBXFileReference; lastKnownFileType = folder.assetcatalog; path = Assets.xcassets; sourceTree = "<group>"; };
		873BDC0F22199102008E8E01 /* Base */ = {isa = PBXFileReference; lastKnownFileType = file.storyboard; name = Base; path = Base.lproj/LaunchScreen.storyboard; sourceTree = "<group>"; };
		873BDC1122199102008E8E01 /* Info.plist */ = {isa = PBXFileReference; lastKnownFileType = text.plist.xml; path = Info.plist; sourceTree = "<group>"; };
		873BDC1622199102008E8E01 /* DemoAllTests.xctest */ = {isa = PBXFileReference; explicitFileType = wrapper.cfbundle; includeInIndex = 0; path = DemoAllTests.xctest; sourceTree = BUILT_PRODUCTS_DIR; };
		873BDC1A22199102008E8E01 /* DemoAllTests.swift */ = {isa = PBXFileReference; lastKnownFileType = sourcecode.swift; path = DemoAllTests.swift; sourceTree = "<group>"; };
		873BDC1C22199102008E8E01 /* Info.plist */ = {isa = PBXFileReference; lastKnownFileType = text.plist.xml; path = Info.plist; sourceTree = "<group>"; };
		873BDC2122199102008E8E01 /* DemoAllUITests.xctest */ = {isa = PBXFileReference; explicitFileType = wrapper.cfbundle; includeInIndex = 0; path = DemoAllUITests.xctest; sourceTree = BUILT_PRODUCTS_DIR; };
		873BDC2522199102008E8E01 /* DemoAllUITests.swift */ = {isa = PBXFileReference; lastKnownFileType = sourcecode.swift; path = DemoAllUITests.swift; sourceTree = "<group>"; };
		873BDC2722199102008E8E01 /* Info.plist */ = {isa = PBXFileReference; lastKnownFileType = text.plist.xml; path = Info.plist; sourceTree = "<group>"; };
/* End PBXFileReference section */

/* Begin PBXFrameworksBuildPhase section */
		873BDBFF22199101008E8E01 /* Frameworks */ = {
			isa = PBXFrameworksBuildPhase;
			buildActionMask = 2147483647;
			files = (
			);
			runOnlyForDeploymentPostprocessing = 0;
		};
		873BDC1322199102008E8E01 /* Frameworks */ = {
			isa = PBXFrameworksBuildPhase;
			buildActionMask = 2147483647;
			files = (
			);
			runOnlyForDeploymentPostprocessing = 0;
		};
		873BDC1E22199102008E8E01 /* Frameworks */ = {
			isa = PBXFrameworksBuildPhase;
			buildActionMask = 2147483647;
			files = (
			);
			runOnlyForDeploymentPostprocessing = 0;
		};
/* End PBXFrameworksBuildPhase section */

/* Begin PBXGroup section */
		873BDBF922199101008E8E01 = {
			isa = PBXGroup;
			children = (
				873BDC0422199101008E8E01 /* DemoAll */,
				873BDC1922199102008E8E01 /* DemoAllTests */,
				873BDC2422199102008E8E01 /* DemoAllUITests */,
				873BDC0322199101008E8E01 /* Products */,
			);
			sourceTree = "<group>";
		};
		873BDC0322199101008E8E01 /* Products */ = {
			isa = PBXGroup;
			children = (
				873BDC0222199101008E8E01 /* DemoAll.app */,
				873BDC1622199102008E8E01 /* DemoAllTests.xctest */,
				873BDC2122199102008E8E01 /* DemoAllUITests.xctest */,
			);
			name = Products;
			sourceTree = "<group>";
		};
		873BDC0422199101008E8E01 /* DemoAll */ = {
			isa = PBXGroup;
			children = (
				873BDC0522199101008E8E01 /* AppDelegate.swift */,
				873BDC0722199101008E8E01 /* ViewController.swift */,
				873BDC0922199101008E8E01 /* Main.storyboard */,
				873BDC0C22199102008E8E01 /* Assets.xcassets */,
				873BDC0E22199102008E8E01 /* LaunchScreen.storyboard */,
				873BDC1122199102008E8E01 /* Info.plist */,
			);
			path = DemoAll;
			sourceTree = "<group>";
		};
		873BDC1922199102008E8E01 /* DemoAllTests */ = {
			isa = PBXGroup;
			children = (
				873BDC1A22199102008E8E01 /* DemoAllTests.swift */,
				873BDC1C22199102008E8E01 /* Info.plist */,
			);
			path = DemoAllTests;
			sourceTree = "<group>";
		};
		873BDC2422199102008E8E01 /* DemoAllUITests */ = {
			isa = PBXGroup;
			children = (
				873BDC2522199102008E8E01 /* DemoAllUITests.swift */,
				873BDC2722199102008E8E01 /* Info.plist */,
			);
			path = DemoAllUITests;
			sourceTree = "<group>";
		};
/* End PBXGroup section */

/* Begin PBXNativeTarget section */
		873BDC0122199101008E8E01 /* DemoAll */ = {
			isa = PBXNativeTarget;
			buildConfigurationList = 873BDC2A22199102008E8E01 /* Build configuration list for PBXNativeTarget "DemoAll" */;
			buildPhases = (
				873BDBFE22199101008E8E01 /* Sources */,
				873BDBFF22199101008E8E01 /* Frameworks */,
				873BDC0022199101008E8E01 /* Resources */,
			);
			buildRules = (
			);
			dependencies = (
			);
			name = DemoAll;
			productName = DemoAll;
			productReference = 873BDC0222199101008E8E01 /* DemoAll.app */;
			productType = "com.apple.product-type.application";
		};
		873BDC1522199102008E8E01 /* DemoAllTests */ = {
			isa = PBXNativeTarget;
			buildConfigurationList = 873BDC2D22199102008E8E01 /* Build configuration list for PBXNativeTarget "DemoAllTests" */;
			buildPhases = (
				873BDC1222199102008E8E01 /* Sources */,
				873BDC1322199102008E8E01 /* Frameworks */,
				873BDC1422199102008E8E01 /* Resources */,
			);
			buildRules = (
			);
			dependencies = (
				873BDC1822199102008E8E01 /* PBXTargetDependency */,
			);
			name = DemoAllTests;
			productName = DemoAllTests;
			productReference = 873BDC1622199102008E8E01 /* DemoAllTests.xctest */;
			productType = "com.apple.product-type.bundle.unit-test";
		};
		873BDC2022199102008E8E01 /* DemoAllUITests */ = {
			isa = PBXNativeTarget;
			buildConfigurationList = 873BDC3022199102008E8E01 /* Build configuration list for PBXNativeTarget "DemoAllUITests" */;
			buildPhases = (
				873BDC1D22199102008E8E01 /* Sources */,
				873BDC1E22199102008E8E01 /* Frameworks */,
				873BDC1F22199102008E8E01 /* Resources */,
			);
			buildRules = (
			);
			dependencies = (
				873BDC2322199102008E8E01 /* PBXTargetDependency */,
			);
			name = DemoAllUITests;
			productName = DemoAllUITests;
			productReference = 873BDC2122199102008E8E01 /* DemoAllUITests.xctest */;
			productType = "com.apple.product-type.bundle.ui-testing";
		};
/* End PBXNativeTarget section */

/* Begin PBXProject section */
		873BDBFA22199101008E8E01 /* Project object */ = {
			isa = PBXProject;
			attributes = {
				LastSwiftUpdateCheck = 1000;
				LastUpgradeCheck = 1000;
				ORGANIZATIONNAME = "Trung Catun";
				TargetAttributes = {
					873BDC0122199101008E8E01 = {
						CreatedOnToolsVersion = 10.0;
					};
					873BDC1522199102008E8E01 = {
						CreatedOnToolsVersion = 10.0;
						TestTargetID = 873BDC0122199101008E8E01;
					};
					873BDC2022199102008E8E01 = {
						CreatedOnToolsVersion = 10.0;
						TestTargetID = 873BDC0122199101008E8E01;
					};
				};
			};
			buildConfigurationList = 873BDBFD22199101008E8E01 /* Build configuration list for PBXProject "DemoAll" */;
			compatibilityVersion = "Xcode 9.3";
			developmentRegion = en;
			hasScannedForEncodings = 0;
			knownRegions = (
				en,
				Base,
			);
			mainGroup = 873BDBF922199101008E8E01;
			productRefGroup = 873BDC0322199101008E8E01 /* Products */;
			projectDirPath = "";
			projectRoot = "";
			targets = (
				873BDC0122199101008E8E01 /* DemoAll */,
				873BDC1522199102008E8E01 /* DemoAllTests */,
				873BDC2022199102008E8E01 /* DemoAllUITests */,
			);
		};
/* End PBXProject section */

/* Begin PBXResourcesBuildPhase section */
		873BDC0022199101008E8E01 /* Resources */ = {
			isa = PBXResourcesBuildPhase;
			buildActionMask = 2147483647;
			files = (
				873BDC1022199102008E8E01 /* LaunchScreen.storyboard in Resources */,
				873BDC0D22199102008E8E01 /* Assets.xcassets in Resources */,
				873BDC0B22199101008E8E01 /* Main.storyboard in Resources */,
			);
			runOnlyForDeploymentPostprocessing = 0;
		};
		873BDC1422199102008E8E01 /* Resources */ = {
			isa = PBXResourcesBuildPhase;
			buildActionMask = 2147483647;
			files = (
			);
			runOnlyForDeploymentPostprocessing = 0;
		};
		873BDC1F22199102008E8E01 /* Resources */ = {
			isa = PBXResourcesBuildPhase;
			buildActionMask = 2147483647;
			files = (
			);
			runOnlyForDeploymentPostprocessing = 0;
		};
/* End PBXResourcesBuildPhase section */

/* Begin PBXSourcesBuildPhase section */
		873BDBFE22199101008E8E01 /* Sources */ = {
			isa = PBXSourcesBuildPhase;
			buildActionMask = 2147483647;
			files = (
				873BDC0822199101008E8E01 /* ViewController.swift in Sources */,
				873BDC0622199101008E8E01 /* AppDelegate.swift in Sources */,
			);
			runOnlyForDeploymentPostprocessing = 0;
		};
		873BDC1222199102008E8E01 /* Sources */ = {
			isa = PBXSourcesBuildPhase;
			buildActionMask = 2147483647;
			files = (
				873BDC1B22199102008E8E01 /* DemoAllTests.swift in Sources */,
			);
			runOnlyForDeploymentPostprocessing = 0;
		};
		873BDC1D22199102008E8E01 /* Sources */ = {
			isa = PBXSourcesBuildPhase;
			buildActionMask = 2147483647;
			files = (
				873BDC2622199102008E8E01 /* DemoAllUITests.swift in Sources */,
			);
			runOnlyForDeploymentPostprocessing = 0;
		};
/* End PBXSourcesBuildPhase section */

/* Begin PBXTargetDependency section */
		873BDC1822199102008E8E01 /* PBXTargetDependency */ = {
			isa = PBXTargetDependency;
			target = 873BDC0122199101008E8E01 /* DemoAll */;
			targetProxy = 873BDC1722199102008E8E01 /* PBXContainerItemProxy */;
		};
		873BDC2322199102008E8E01 /* PBXTargetDependency */ = {
			isa = PBXTargetDependency;
			target = 873BDC0122199101008E8E01 /* DemoAll */;
			targetProxy = 873BDC2222199102008E8E01 /* PBXContainerItemProxy */;
		};
/* End PBXTargetDependency section */

/* Begin PBXVariantGroup section */
		873BDC0922199101008E8E01 /* Main.storyboard */ = {
			isa = PBXVariantGroup;
			children = (
				873BDC0A22199101008E8E01 /* Base */,
			);
			name = Main.storyboard;
			sourceTree = "<group>";
		};
		873BDC0E22199102008E8E01 /* LaunchScreen.storyboard */ = {
			isa = PBXVariantGroup;
			children = (
				873BDC0F22199102008E8E01 /* Base */,
			);
			name = LaunchScreen.storyboard;
			sourceTree = "<group>";
		};
/* End PBXVariantGroup section */

/* Begin XCBuildConfiguration section */
		873BDC2822199102008E8E01 /* Debug */ = {
			isa = XCBuildConfiguration;
			buildSettings = {
				ALWAYS_SEARCH_USER_PATHS = NO;
				CLANG_ANALYZER_NONNULL = YES;
				CLANG_ANALYZER_NUMBER_OBJECT_CONVERSION = YES_AGGRESSIVE;
				CLANG_CXX_LANGUAGE_STANDARD = "gnu++14";
				CLANG_CXX_LIBRARY = "libc++";
				CLANG_ENABLE_MODULES = YES;
				CLANG_ENABLE_OBJC_ARC = YES;
				CLANG_ENABLE_OBJC_WEAK = YES;
				CLANG_WARN_BLOCK_CAPTURE_AUTORELEASING = YES;
				CLANG_WARN_BOOL_CONVERSION = YES;
				CLANG_WARN_COMMA = YES;
				CLANG_WARN_CONSTANT_CONVERSION = YES;
				CLANG_WARN_DEPRECATED_OBJC_IMPLEMENTATIONS = YES;
				CLANG_WARN_DIRECT_OBJC_ISA_USAGE = YES_ERROR;
				CLANG_WARN_DOCUMENTATION_COMMENTS = YES;
				CLANG_WARN_EMPTY_BODY = YES;
				CLANG_WARN_ENUM_CONVERSION = YES;
				CLANG_WARN_INFINITE_RECURSION = YES;
				CLANG_WARN_INT_CONVERSION = YES;
				CLANG_WARN_NON_LITERAL_NULL_CONVERSION = YES;
				CLANG_WARN_OBJC_IMPLICIT_RETAIN_SELF = YES;
				CLANG_WARN_OBJC_LITERAL_CONVERSION = YES;
				CLANG_WARN_OBJC_ROOT_CLASS = YES_ERROR;
				CLANG_WARN_RANGE_LOOP_ANALYSIS = YES;
				CLANG_WARN_STRICT_PROTOTYPES = YES;
				CLANG_WARN_SUSPICIOUS_MOVE = YES;
				CLANG_WARN_UNGUARDED_AVAILABILITY = YES_AGGRESSIVE;
				CLANG_WARN_UNREACHABLE_CODE = YES;
				CLANG_WARN__DUPLICATE_METHOD_MATCH = YES;
				CODE_SIGN_IDENTITY = "iPhone Developer";
				COPY_PHASE_STRIP = NO;
				DEBUG_INFORMATION_FORMAT = dwarf;
				ENABLE_STRICT_OBJC_MSGSEND = YES;
				ENABLE_TESTABILITY = YES;
				GCC_C_LANGUAGE_STANDARD = gnu11;
				GCC_DYNAMIC_NO_PIC = NO;
				GCC_NO_COMMON_BLOCKS = YES;
				GCC_OPTIMIZATION_LEVEL = 0;
				GCC_PREPROCESSOR_DEFINITIONS = (
					"DEBUG=1",
					"$(inherited)",
				);
				GCC_WARN_64_TO_32_BIT_CONVERSION = YES;
				GCC_WARN_ABOUT_RETURN_TYPE = YES_ERROR;
				GCC_WARN_UNDECLARED_SELECTOR = YES;
				GCC_WARN_UNINITIALIZED_AUTOS = YES_AGGRESSIVE;
				GCC_WARN_UNUSED_FUNCTION = YES;
				GCC_WARN_UNUSED_VARIABLE = YES;
				IPHONEOS_DEPLOYMENT_TARGET = 12.0;
				MTL_ENABLE_DEBUG_INFO = INCLUDE_SOURCE;
				MTL_FAST_MATH = YES;
				ONLY_ACTIVE_ARCH = YES;
				SDKROOT = iphoneos;
				SWIFT_ACTIVE_COMPILATION_CONDITIONS = DEBUG;
				SWIFT_OPTIMIZATION_LEVEL = "-Onone";
			};
			name = Debug;
		};
		873BDC2922199102008E8E01 /* Release */ = {
			isa = XCBuildConfiguration;
			buildSettings = {
				ALWAYS_SEARCH_USER_PATHS = NO;
				CLANG_ANALYZER_NONNULL = YES;
				CLANG_ANALYZER_NUMBER_OBJECT_CONVERSION = YES_AGGRESSIVE;
				CLANG_CXX_LANGUAGE_STANDARD = "gnu++14";
				CLANG_CXX_LIBRARY = "libc++";
				CLANG_ENABLE_MODULES = YES;
				CLANG_ENABLE_OBJC_ARC = YES;
				CLANG_ENABLE_OBJC_WEAK = YES;
				CLANG_WARN_BLOCK_CAPTURE_AUTORELEASING = YES;
				CLANG_WARN_BOOL_CONVERSION = YES;
				CLANG_WARN_COMMA = YES;
				CLANG_WARN_CONSTANT_CONVERSION = YES;
				CLANG_WARN_DEPRECATED_OBJC_IMPLEMENTATIONS = YES;
				CLANG_WARN_DIRECT_OBJC_ISA_USAGE = YES_ERROR;
				CLANG_WARN_DOCUMENTATION_COMMENTS = YES;
				CLANG_WARN_EMPTY_BODY = YES;
				CLANG_WARN_ENUM_CONVERSION = YES;
				CLANG_WARN_INFINITE_RECURSION = YES;
				CLANG_WARN_INT_CONVERSION = YES;
				CLANG_WARN_NON_LITERAL_NULL_CONVERSION = YES;
				CLANG_WARN_OBJC_IMPLICIT_RETAIN_SELF = YES;
				CLANG_WARN_OBJC_LITERAL_CONVERSION = YES;
				CLANG_WARN_OBJC_ROOT_CLASS = YES_ERROR;
				CLANG_WARN_RANGE_LOOP_ANALYSIS = YES;
				CLANG_WARN_STRICT_PROTOTYPES = YES;
				CLANG_WARN_SUSPICIOUS_MOVE = YES;
				CLANG_WARN_UNGUARDED_AVAILABILITY = YES_AGGRESSIVE;
				CLANG_WARN_UNREACHABLE_CODE = YES;
				CLANG_WARN__DUPLICATE_METHOD_MATCH = YES;
				CODE_SIGN_IDENTITY = "iPhone Developer";
				COPY_PHASE_STRIP = NO;
				DEBUG_INFORMATION_FORMAT = "dwarf-with-dsym";
				ENABLE_NS_ASSERTIONS = NO;
				ENABLE_STRICT_OBJC_MSGSEND = YES;
				GCC_C_LANGUAGE_STANDARD = gnu11;
				GCC_NO_COMMON_BLOCKS = YES;
				GCC_WARN_64_TO_32_BIT_CONVERSION = YES;
				GCC_WARN_ABOUT_RETURN_TYPE = YES_ERROR;
				GCC_WARN_UNDECLARED_SELECTOR = YES;
				GCC_WARN_UNINITIALIZED_AUTOS = YES_AGGRESSIVE;
				GCC_WARN_UNUSED_FUNCTION = YES;
				GCC_WARN_UNUSED_VARIABLE = YES;
				IPHONEOS_DEPLOYMENT_TARGET = 12.0;
				MTL_ENABLE_DEBUG_INFO = NO;
				MTL_FAST_MATH = YES;
				SDKROOT = iphoneos;
				SWIFT_COMPILATION_MODE = wholemodule;
				SWIFT_OPTIMIZATION_LEVEL = "-O";
				VALIDATE_PRODUCT = YES;
			};
			name = Release;
		};
		873BDC2B22199102008E8E01 /* Debug */ = {
			isa = XCBuildConfiguration;
			buildSettings = {
				ASSETCATALOG_COMPILER_APPICON_NAME = AppIcon;
				CODE_SIGN_STYLE = Automatic;
				INFOPLIST_FILE = DemoAll/Info.plist;
				LD_RUNPATH_SEARCH_PATHS = (
					"$(inherited)",
					"@executable_path/Frameworks",
				);
				PRODUCT_BUNDLE_IDENTIFIER = TrungCatun.DemoAll;
				PRODUCT_NAME = "$(TARGET_NAME)";
				SWIFT_VERSION = 4.2;
				TARGETED_DEVICE_FAMILY = "1,2";
			};
			name = Debug;
		};
		873BDC2C22199102008E8E01 /* Release */ = {
			isa = XCBuildConfiguration;
			buildSettings = {
				ASSETCATALOG_COMPILER_APPICON_NAME = AppIcon;
				CODE_SIGN_STYLE = Automatic;
				INFOPLIST_FILE = DemoAll/Info.plist;
				LD_RUNPATH_SEARCH_PATHS = (
					"$(inherited)",
					"@executable_path/Frameworks",
				);
				PRODUCT_BUNDLE_IDENTIFIER = TrungCatun.DemoAll;
				PRODUCT_NAME = "$(TARGET_NAME)";
				SWIFT_VERSION = 4.2;
				TARGETED_DEVICE_FAMILY = "1,2";
			};
			name = Release;
		};
		873BDC2E22199102008E8E01 /* Debug */ = {
			isa = XCBuildConfiguration;
			buildSettings = {
				ALWAYS_EMBED_SWIFT_STANDARD_LIBRARIES = YES;
				BUNDLE_LOADER = "$(TEST_HOST)";
				CODE_SIGN_STYLE = Automatic;
				INFOPLIST_FILE = DemoAllTests/Info.plist;
				LD_RUNPATH_SEARCH_PATHS = (
					"$(inherited)",
					"@executable_path/Frameworks",
					"@loader_path/Frameworks",
				);
				PRODUCT_BUNDLE_IDENTIFIER = TrungCatun.DemoAllTests;
				PRODUCT_NAME = "$(TARGET_NAME)";
				SWIFT_VERSION = 4.2;
				TARGETED_DEVICE_FAMILY = "1,2";
				TEST_HOST = "$(BUILT_PRODUCTS_DIR)/DemoAll.app/DemoAll";
			};
			name = Debug;
		};
		873BDC2F22199102008E8E01 /* Release */ = {
			isa = XCBuildConfiguration;
			buildSettings = {
				ALWAYS_EMBED_SWIFT_STANDARD_LIBRARIES = YES;
				BUNDLE_LOADER = "$(TEST_HOST)";
				CODE_SIGN_STYLE = Automatic;
				INFOPLIST_FILE = DemoAllTests/Info.plist;
				LD_RUNPATH_SEARCH_PATHS = (
					"$(inherited)",
					"@executable_path/Frameworks",
					"@loader_path/Frameworks",
				);
				PRODUCT_BUNDLE_IDENTIFIER = TrungCatun.DemoAllTests;
				PRODUCT_NAME = "$(TARGET_NAME)";
				SWIFT_VERSION = 4.2;
				TARGETED_DEVICE_FAMILY = "1,2";
				TEST_HOST = "$(BUILT_PRODUCTS_DIR)/DemoAll.app/DemoAll";
			};
			name = Release;
		};
		873BDC3122199102008E8E01 /* Debug */ = {
			isa = XCBuildConfiguration;
			buildSettings = {
				ALWAYS_EMBED_SWIFT_STANDARD_LIBRARIES = YES;
				CODE_SIGN_STYLE = Automatic;
				INFOPLIST_FILE = DemoAllUITests/Info.plist;
				LD_RUNPATH_SEARCH_PATHS = (
					"$(inherited)",
					"@executable_path/Frameworks",
					"@loader_path/Frameworks",
				);
				PRODUCT_BUNDLE_IDENTIFIER = TrungCatun.DemoAllUITests;
				PRODUCT_NAME = "$(TARGET_NAME)";
				SWIFT_VERSION = 4.2;
				TARGETED_DEVICE_FAMILY = "1,2";
				TEST_TARGET_NAME = DemoAll;
			};
			name = Debug;
		};
		873BDC3222199102008E8E01 /* Release */ = {
			isa = XCBuildConfiguration;
			buildSettings = {
				ALWAYS_EMBED_SWIFT_STANDARD_LIBRARIES = YES;
				CODE_SIGN_STYLE = Automatic;
				INFOPLIST_FILE = DemoAllUITests/Info.plist;
				LD_RUNPATH_SEARCH_PATHS = (
					"$(inherited)",
					"@executable_path/Frameworks",
					"@loader_path/Frameworks",
				);
				PRODUCT_BUNDLE_IDENTIFIER = TrungCatun.DemoAllUITests;
				PRODUCT_NAME = "$(TARGET_NAME)";
				SWIFT_VERSION = 4.2;
				TARGETED_DEVICE_FAMILY = "1,2";
				TEST_TARGET_NAME = DemoAll;
			};
			name = Release;
		};
/* End XCBuildConfiguration section */

/* Begin XCConfigurationList section */
		873BDBFD22199101008E8E01 /* Build configuration list for PBXProject "DemoAll" */ = {
			isa = XCConfigurationList;
			buildConfigurations = (
				873BDC2822199102008E8E01 /* Debug */,
				873BDC2922199102008E8E01 /* Release */,
			);
			defaultConfigurationIsVisible = 0;
			defaultConfigurationName = Release;
		};
		873BDC2A22199102008E8E01 /* Build configuration list for PBXNativeTarget "DemoAll" */ = {
			isa = XCConfigurationList;
			buildConfigurations = (
				873BDC2B22199102008E8E01 /* Debug */,
				873BDC2C22199102008E8E01 /* Release */,
			);
			defaultConfigurationIsVisible = 0;
			defaultConfigurationName = Release;
		};
		873BDC2D22199102008E8E01 /* Build configuration list for PBXNativeTarget "DemoAllTests" */ = {
			isa = XCConfigurationList;
			buildConfigurations = (
				873BDC2E22199102008E8E01 /* Debug */,
				873BDC2F22199102008E8E01 /* Release */,
			);
			defaultConfigurationIsVisible = 0;
			defaultConfigurationName = Release;
		};
		873BDC3022199102008E8E01 /* Build configuration list for PBXNativeTarget "DemoAllUITests" */ = {
			isa = XCConfigurationList;
			buildConfigurations = (
				873BDC3122199102008E8E01 /* Debug */,
				873BDC3222199102008E8E01 /* Release */,
			);
			defaultConfigurationIsVisible = 0;
			defaultConfigurationName = Release;
		};
/* End XCConfigurationList section */
	};
	rootObject = 873BDBFA22199101008E8E01 /* Project object */;
}
